
Microsoft Visual Studio Solution File, Format Version 12.00
# Visual Studio 15
VisualStudioVersion = 15.0.28307.572
MinimumVisualStudioVersion = 10.0.40219.1
Project("{FAE04EC0-301F-11D3-BF4B-00C04F79EFBC}") = "FizzBuzz", "FizzBuzz\FizzBuzz.csproj", "{3D552200-8002-4B4A-97DB-37B6CA4B2BF0}"
EndProject
Global
	GlobalSection(SolutionConfigurationPlatforms) = preSolution
		Debug|Any CPU = Debug|Any CPU
		Release|Any CPU = Release|Any CPU
	EndGlobalSection
	GlobalSection(ProjectConfigurationPlatforms) = postSolution
		{3D552200-8002-4B4A-97DB-37B6CA4B2BF0}.Debug|Any CPU.ActiveCfg = Debug|Any CPU
		{3D552200-8002-4B4A-97DB-37B6CA4B2BF0}.Debug|Any CPU.Build.0 = Debug|Any CPU
		{3D552200-8002-4B4A-97DB-37B6CA4B2BF0}.Release|Any CPU.ActiveCfg = Release|Any CPU
		{3D552200-8002-4B4A-97DB-37B6CA4B2BF0}.Release|Any CPU.Build.0 = Release|Any CPU
	EndGlobalSection
	GlobalSection(SolutionProperties) = preSolution
		HideSolutionNode = FALSE
	EndGlobalSection
	GlobalSection(ExtensibilityGlobals) = postSolution
		SolutionGuid = {38C0E6F6-1A73-4698-AA05-F73E7AE97FBA}
	EndGlobalSection
EndGlobal
